
Microsoft Visual Studio Solution File, Format Version 12.00
# Visual Studio Version 17
VisualStudioVersion = 17.1.32421.90
MinimumVisualStudioVersion = 10.0.40219.1
Project("{FAE04EC0-301F-11D3-BF4B-00C04F79EFBC}") = "Mariani_21", "Mariani_21\Mariani_21.csproj", "{9340705E-338D-4F8D-84DE-48A986955516}"
EndProject
Global
	GlobalSection(SolutionConfigurationPlatforms) = preSolution
		Debug|Any CPU = Debug|Any CPU
		Release|Any CPU = Release|Any CPU
	EndGlobalSection
	GlobalSection(ProjectConfigurationPlatforms) = postSolution
		{9340705E-338D-4F8D-84DE-48A986955516}.Debug|Any CPU.ActiveCfg = Debug|Any CPU
		{9340705E-338D-4F8D-84DE-48A986955516}.Debug|Any CPU.Build.0 = Debug|Any CPU
		{9340705E-338D-4F8D-84DE-48A986955516}.Release|Any CPU.ActiveCfg = Release|Any CPU
		{9340705E-338D-4F8D-84DE-48A986955516}.Release|Any CPU.Build.0 = Release|Any CPU
	EndGlobalSection
	GlobalSection(SolutionProperties) = preSolution
		HideSolutionNode = FALSE
	EndGlobalSection
	GlobalSection(ExtensibilityGlobals) = postSolution
		SolutionGuid = {C3475EAC-A16E-4A99-9FD0-CBD67DB2476C}
	EndGlobalSection
EndGlobal
